// !$*UTF8*$!
{
	archiveVersion = 1;
	classes = {
	};
	objectVersion = 56;
	objects = {

/* Begin PBXBuildFile section */
		0008B9252940F39E00A5B785 /* FriendsView.swift in Sources */ = {isa = PBXBuildFile; fileRef = 0008B9242940F39E00A5B785 /* FriendsView.swift */; };
		0008B9272940FE5100A5B785 /* UserRowView.swift in Sources */ = {isa = PBXBuildFile; fileRef = 0008B9262940FE5100A5B785 /* UserRowView.swift */; };
		0008B9292940FF8400A5B785 /* UserDetailsView.swift in Sources */ = {isa = PBXBuildFile; fileRef = 0008B9282940FF8400A5B785 /* UserDetailsView.swift */; };
		0008B92B2941317E00A5B785 /* NewBillCreatedView.swift in Sources */ = {isa = PBXBuildFile; fileRef = 0008B92A2941317E00A5B785 /* NewBillCreatedView.swift */; };
		000FE3232915F38F002D7D4A /* SplitApp.swift in Sources */ = {isa = PBXBuildFile; fileRef = 000FE3222915F38F002D7D4A /* SplitApp.swift */; };
		000FE3272915F38F002D7D4A /* Assets.xcassets in Resources */ = {isa = PBXBuildFile; fileRef = 000FE3262915F38F002D7D4A /* Assets.xcassets */; };
		000FE32A2915F38F002D7D4A /* Preview Assets.xcassets in Resources */ = {isa = PBXBuildFile; fileRef = 000FE3292915F38F002D7D4A /* Preview Assets.xcassets */; };
		000FE3352915FA35002D7D4A /* GoogleService-Info.plist in Resources */ = {isa = PBXBuildFile; fileRef = 000FE3342915FA35002D7D4A /* GoogleService-Info.plist */; };
		000FE3382915FAC5002D7D4A /* FirebaseAnalytics in Frameworks */ = {isa = PBXBuildFile; productRef = 000FE3372915FAC5002D7D4A /* FirebaseAnalytics */; };
		000FE33A2915FAC5002D7D4A /* FirebaseAnalyticsOnDeviceConversion in Frameworks */ = {isa = PBXBuildFile; productRef = 000FE3392915FAC5002D7D4A /* FirebaseAnalyticsOnDeviceConversion */; };
		000FE33C2915FAC5002D7D4A /* FirebaseAnalyticsSwift in Frameworks */ = {isa = PBXBuildFile; productRef = 000FE33B2915FAC5002D7D4A /* FirebaseAnalyticsSwift */; };
		000FE33E2915FAC5002D7D4A /* FirebaseAnalyticsWithoutAdIdSupport in Frameworks */ = {isa = PBXBuildFile; productRef = 000FE33D2915FAC5002D7D4A /* FirebaseAnalyticsWithoutAdIdSupport */; };
		000FE3402915FAC5002D7D4A /* FirebaseAppCheck in Frameworks */ = {isa = PBXBuildFile; productRef = 000FE33F2915FAC5002D7D4A /* FirebaseAppCheck */; };
		000FE3422915FAC5002D7D4A /* FirebaseAppDistribution-Beta in Frameworks */ = {isa = PBXBuildFile; productRef = 000FE3412915FAC5002D7D4A /* FirebaseAppDistribution-Beta */; };
		000FE3442915FAC5002D7D4A /* FirebaseAuth in Frameworks */ = {isa = PBXBuildFile; productRef = 000FE3432915FAC5002D7D4A /* FirebaseAuth */; };
		000FE3462915FAC5002D7D4A /* FirebaseAuthCombine-Community in Frameworks */ = {isa = PBXBuildFile; productRef = 000FE3452915FAC5002D7D4A /* FirebaseAuthCombine-Community */; };
		000FE3482915FAC5002D7D4A /* FirebaseCrashlytics in Frameworks */ = {isa = PBXBuildFile; productRef = 000FE3472915FAC5002D7D4A /* FirebaseCrashlytics */; };
		000FE34A2915FAC5002D7D4A /* FirebaseDatabase in Frameworks */ = {isa = PBXBuildFile; productRef = 000FE3492915FAC5002D7D4A /* FirebaseDatabase */; };
		000FE34C2915FAC5002D7D4A /* FirebaseDatabaseSwift in Frameworks */ = {isa = PBXBuildFile; productRef = 000FE34B2915FAC5002D7D4A /* FirebaseDatabaseSwift */; };
		000FE34E2915FAC5002D7D4A /* FirebaseDynamicLinks in Frameworks */ = {isa = PBXBuildFile; productRef = 000FE34D2915FAC5002D7D4A /* FirebaseDynamicLinks */; };
		000FE3502915FAC5002D7D4A /* FirebaseFirestore in Frameworks */ = {isa = PBXBuildFile; productRef = 000FE34F2915FAC5002D7D4A /* FirebaseFirestore */; };
		000FE3522915FAC5002D7D4A /* FirebaseFirestoreCombine-Community in Frameworks */ = {isa = PBXBuildFile; productRef = 000FE3512915FAC5002D7D4A /* FirebaseFirestoreCombine-Community */; };
		000FE3542915FAC5002D7D4A /* FirebaseFirestoreSwift in Frameworks */ = {isa = PBXBuildFile; productRef = 000FE3532915FAC5002D7D4A /* FirebaseFirestoreSwift */; };
		000FE3562915FAC5002D7D4A /* FirebaseFunctions in Frameworks */ = {isa = PBXBuildFile; productRef = 000FE3552915FAC5002D7D4A /* FirebaseFunctions */; };
		000FE3582915FAC5002D7D4A /* FirebaseFunctionsCombine-Community in Frameworks */ = {isa = PBXBuildFile; productRef = 000FE3572915FAC5002D7D4A /* FirebaseFunctionsCombine-Community */; };
		000FE35A2915FAC5002D7D4A /* FirebaseInAppMessaging-Beta in Frameworks */ = {isa = PBXBuildFile; productRef = 000FE3592915FAC5002D7D4A /* FirebaseInAppMessaging-Beta */; };
		000FE35C2915FAC5002D7D4A /* FirebaseInAppMessagingSwift-Beta in Frameworks */ = {isa = PBXBuildFile; productRef = 000FE35B2915FAC5002D7D4A /* FirebaseInAppMessagingSwift-Beta */; };
		000FE35E2915FAC5002D7D4A /* FirebaseInstallations in Frameworks */ = {isa = PBXBuildFile; productRef = 000FE35D2915FAC5002D7D4A /* FirebaseInstallations */; };
		000FE3602915FAC5002D7D4A /* FirebaseMLModelDownloader in Frameworks */ = {isa = PBXBuildFile; productRef = 000FE35F2915FAC5002D7D4A /* FirebaseMLModelDownloader */; };
		000FE3622915FAC5002D7D4A /* FirebaseMessaging in Frameworks */ = {isa = PBXBuildFile; productRef = 000FE3612915FAC5002D7D4A /* FirebaseMessaging */; };
		000FE3642915FAC5002D7D4A /* FirebasePerformance in Frameworks */ = {isa = PBXBuildFile; productRef = 000FE3632915FAC5002D7D4A /* FirebasePerformance */; };
		000FE3662915FAC5002D7D4A /* FirebaseRemoteConfig in Frameworks */ = {isa = PBXBuildFile; productRef = 000FE3652915FAC5002D7D4A /* FirebaseRemoteConfig */; };
		000FE3682915FAC5002D7D4A /* FirebaseRemoteConfigSwift in Frameworks */ = {isa = PBXBuildFile; productRef = 000FE3672915FAC5002D7D4A /* FirebaseRemoteConfigSwift */; };
		000FE36A2915FAC5002D7D4A /* FirebaseStorage in Frameworks */ = {isa = PBXBuildFile; productRef = 000FE3692915FAC5002D7D4A /* FirebaseStorage */; };
		000FE36C2915FAC5002D7D4A /* FirebaseStorageCombine-Community in Frameworks */ = {isa = PBXBuildFile; productRef = 000FE36B2915FAC5002D7D4A /* FirebaseStorageCombine-Community */; };
		000FE37029160304002D7D4A /* UserRepository.swift in Sources */ = {isa = PBXBuildFile; fileRef = 000FE36F29160304002D7D4A /* UserRepository.swift */; };
		000FE37229160330002D7D4A /* FriendRepository.swift in Sources */ = {isa = PBXBuildFile; fileRef = 000FE37129160330002D7D4A /* FriendRepository.swift */; };
		000FE3742916034A002D7D4A /* BillRepository.swift in Sources */ = {isa = PBXBuildFile; fileRef = 000FE3732916034A002D7D4A /* BillRepository.swift */; };
		000FE37629160369002D7D4A /* BillItemRepository.swift in Sources */ = {isa = PBXBuildFile; fileRef = 000FE37529160369002D7D4A /* BillItemRepository.swift */; };
		000FE37829160385002D7D4A /* UserItemRepository.swift in Sources */ = {isa = PBXBuildFile; fileRef = 000FE37729160385002D7D4A /* UserItemRepository.swift */; };
		000FE37A291603A5002D7D4A /* BillListRepository.swift in Sources */ = {isa = PBXBuildFile; fileRef = 000FE379291603A5002D7D4A /* BillListRepository.swift */; };
		000FE37C291603C2002D7D4A /* SettleBillRepository.swift in Sources */ = {isa = PBXBuildFile; fileRef = 000FE37B291603C2002D7D4A /* SettleBillRepository.swift */; };
		000FE37E291603D9002D7D4A /* UserItem.swift in Sources */ = {isa = PBXBuildFile; fileRef = 000FE37D291603D9002D7D4A /* UserItem.swift */; };
		000FE380291603F0002D7D4A /* BillItem.swift in Sources */ = {isa = PBXBuildFile; fileRef = 000FE37F291603F0002D7D4A /* BillItem.swift */; };
		000FE38229160403002D7D4A /* Friend.swift in Sources */ = {isa = PBXBuildFile; fileRef = 000FE38129160403002D7D4A /* Friend.swift */; };
		000FE38429160432002D7D4A /* User.swift in Sources */ = {isa = PBXBuildFile; fileRef = 000FE38329160432002D7D4A /* User.swift */; };
		000FE38629160450002D7D4A /* SettleBill.swift in Sources */ = {isa = PBXBuildFile; fileRef = 000FE38529160450002D7D4A /* SettleBill.swift */; };
		000FE38829160464002D7D4A /* Bill.swift in Sources */ = {isa = PBXBuildFile; fileRef = 000FE38729160464002D7D4A /* Bill.swift */; };
		000FE38A29160478002D7D4A /* BillList.swift in Sources */ = {isa = PBXBuildFile; fileRef = 000FE38929160478002D7D4A /* BillList.swift */; };
		000FE38C291609D7002D7D4A /* ActivityView.swift in Sources */ = {isa = PBXBuildFile; fileRef = 000FE38B291609D7002D7D4A /* ActivityView.swift */; };
		000FE38E29160F3A002D7D4A /* AppView.swift in Sources */ = {isa = PBXBuildFile; fileRef = 000FE38D29160F3A002D7D4A /* AppView.swift */; };
		000FE39029160F7A002D7D4A /* NewBillView.swift in Sources */ = {isa = PBXBuildFile; fileRef = 000FE38F29160F7A002D7D4A /* NewBillView.swift */; };
		000FE39229175105002D7D4A /* BillDetailsView.swift in Sources */ = {isa = PBXBuildFile; fileRef = 000FE39129175105002D7D4A /* BillDetailsView.swift */; };
		000FE396291752C1002D7D4A /* BillRowView.swift in Sources */ = {isa = PBXBuildFile; fileRef = 000FE395291752C1002D7D4A /* BillRowView.swift */; };
		000FE39829175337002D7D4A /* BillViewModel.swift in Sources */ = {isa = PBXBuildFile; fileRef = 000FE39729175337002D7D4A /* BillViewModel.swift */; };
		000FE39A2917578A002D7D4A /* ActivityViewModel.swift in Sources */ = {isa = PBXBuildFile; fileRef = 000FE3992917578A002D7D4A /* ActivityViewModel.swift */; };
		009277AC293BD12B0099580B /* UserViewModel.swift in Sources */ = {isa = PBXBuildFile; fileRef = 009277AB293BD12B0099580B /* UserViewModel.swift */; };
		009277AE293EF3560099580B /* UsersViewModel.swift in Sources */ = {isa = PBXBuildFile; fileRef = 009277AD293EF3560099580B /* UsersViewModel.swift */; };
		AF6717B2291C31DB001A937B /* AddItemView.swift in Sources */ = {isa = PBXBuildFile; fileRef = AF6717B1291C31DB001A937B /* AddItemView.swift */; };
		AF6717B4291C323C001A937B /* Manually_AddItem.swift in Sources */ = {isa = PBXBuildFile; fileRef = AF6717B3291C323C001A937B /* Manually_AddItem.swift */; };
		AF6717B6291C3259001A937B /* ReceiptScanView.swift in Sources */ = {isa = PBXBuildFile; fileRef = AF6717B5291C3259001A937B /* ReceiptScanView.swift */; };
		AF6717B8291C3289001A937B /* Scanner.swift in Sources */ = {isa = PBXBuildFile; fileRef = AF6717B7291C3289001A937B /* Scanner.swift */; };
		AF6717BA291C32CB001A937B /* ImagePicker_Coordinator_ViewController.swift in Sources */ = {isa = PBXBuildFile; fileRef = AF6717B9291C32CB001A937B /* ImagePicker_Coordinator_ViewController.swift */; };
		AF6717BC291C32F0001A937B /* ImagePicker.swift in Sources */ = {isa = PBXBuildFile; fileRef = AF6717BB291C32F0001A937B /* ImagePicker.swift */; };
		AF6717BE291C3337001A937B /* ReceiptScanner_Helper.swift in Sources */ = {isa = PBXBuildFile; fileRef = AF6717BD291C3337001A937B /* ReceiptScanner_Helper.swift */; };
		AFDE9E46291CA10D0014ECBB /* Scanned_View.swift in Sources */ = {isa = PBXBuildFile; fileRef = AFDE9E45291CA10D0014ECBB /* Scanned_View.swift */; };
		AFE6ABE129370D9400300A06 /* AuthViewModel.swift in Sources */ = {isa = PBXBuildFile; fileRef = AFE6ABE029370D9400300A06 /* AuthViewModel.swift */; };
		AFE6ABE329370DB900300A06 /* LoginView.swift in Sources */ = {isa = PBXBuildFile; fileRef = AFE6ABE229370DB900300A06 /* LoginView.swift */; };
		AFE6ABE529370DC300300A06 /* HomeScreenView.swift in Sources */ = {isa = PBXBuildFile; fileRef = AFE6ABE429370DC300300A06 /* HomeScreenView.swift */; };
		AFE6ABE729370DCC00300A06 /* AccountView.swift in Sources */ = {isa = PBXBuildFile; fileRef = AFE6ABE629370DCC00300A06 /* AccountView.swift */; };
		E6240C47291D98DA004287FE /* BillItemRowView.swift in Sources */ = {isa = PBXBuildFile; fileRef = E6240C46291D98DA004287FE /* BillItemRowView.swift */; };
		E65E5831293E626900B4AD61 /* AddFriend.swift in Sources */ = {isa = PBXBuildFile; fileRef = E65E5830293E626900B4AD61 /* AddFriend.swift */; };
		E65E5833293E676300B4AD61 /* FriendRowView.swift in Sources */ = {isa = PBXBuildFile; fileRef = E65E5832293E676300B4AD61 /* FriendRowView.swift */; };
		E65E5835293E7D8800B4AD61 /* AddFriendRowView.swift in Sources */ = {isa = PBXBuildFile; fileRef = E65E5834293E7D8800B4AD61 /* AddFriendRowView.swift */; };
		E65E5837293E8AB500B4AD61 /* AddFriendViewModel.swift in Sources */ = {isa = PBXBuildFile; fileRef = E65E5836293E8AB500B4AD61 /* AddFriendViewModel.swift */; };
		E66AD681291EBD9B00E355D4 /* EditItem.swift in Sources */ = {isa = PBXBuildFile; fileRef = E66AD680291EBD9B00E355D4 /* EditItem.swift */; };
		E6CD5AA6291CEAB80039A3AB /* AddOneItemView.swift in Sources */ = {isa = PBXBuildFile; fileRef = E6CD5AA5291CEAB80039A3AB /* AddOneItemView.swift */; };
		E6DEF41829405AB000D8BCBB /* FinalizeBillView.swift in Sources */ = {isa = PBXBuildFile; fileRef = E6DEF41729405AB000D8BCBB /* FinalizeBillView.swift */; };
/* End PBXBuildFile section */

/* Begin PBXFileReference section */
		0008B9242940F39E00A5B785 /* FriendsView.swift */ = {isa = PBXFileReference; lastKnownFileType = sourcecode.swift; path = FriendsView.swift; sourceTree = "<group>"; };
		0008B9262940FE5100A5B785 /* UserRowView.swift */ = {isa = PBXFileReference; lastKnownFileType = sourcecode.swift; path = UserRowView.swift; sourceTree = "<group>"; };
		0008B9282940FF8400A5B785 /* UserDetailsView.swift */ = {isa = PBXFileReference; lastKnownFileType = sourcecode.swift; path = UserDetailsView.swift; sourceTree = "<group>"; };
		0008B92A2941317E00A5B785 /* NewBillCreatedView.swift */ = {isa = PBXFileReference; lastKnownFileType = sourcecode.swift; path = NewBillCreatedView.swift; sourceTree = "<group>"; };
		000FE31F2915F38F002D7D4A /* Split.app */ = {isa = PBXFileReference; explicitFileType = wrapper.application; includeInIndex = 0; path = Split.app; sourceTree = BUILT_PRODUCTS_DIR; };
		000FE3222915F38F002D7D4A /* SplitApp.swift */ = {isa = PBXFileReference; lastKnownFileType = sourcecode.swift; path = SplitApp.swift; sourceTree = "<group>"; };
		000FE3262915F38F002D7D4A /* Assets.xcassets */ = {isa = PBXFileReference; lastKnownFileType = folder.assetcatalog; path = Assets.xcassets; sourceTree = "<group>"; };
		000FE3292915F38F002D7D4A /* Preview Assets.xcassets */ = {isa = PBXFileReference; lastKnownFileType = folder.assetcatalog; path = "Preview Assets.xcassets"; sourceTree = "<group>"; };
		000FE3342915FA35002D7D4A /* GoogleService-Info.plist */ = {isa = PBXFileReference; fileEncoding = 4; lastKnownFileType = text.plist.xml; name = "GoogleService-Info.plist"; path = "../../GoogleService-Info.plist"; sourceTree = "<group>"; };
		000FE36F29160304002D7D4A /* UserRepository.swift */ = {isa = PBXFileReference; lastKnownFileType = sourcecode.swift; path = UserRepository.swift; sourceTree = "<group>"; };
		000FE37129160330002D7D4A /* FriendRepository.swift */ = {isa = PBXFileReference; lastKnownFileType = sourcecode.swift; path = FriendRepository.swift; sourceTree = "<group>"; };
		000FE3732916034A002D7D4A /* BillRepository.swift */ = {isa = PBXFileReference; lastKnownFileType = sourcecode.swift; path = BillRepository.swift; sourceTree = "<group>"; };
		000FE37529160369002D7D4A /* BillItemRepository.swift */ = {isa = PBXFileReference; lastKnownFileType = sourcecode.swift; path = BillItemRepository.swift; sourceTree = "<group>"; };
		000FE37729160385002D7D4A /* UserItemRepository.swift */ = {isa = PBXFileReference; lastKnownFileType = sourcecode.swift; path = UserItemRepository.swift; sourceTree = "<group>"; };
		000FE379291603A5002D7D4A /* BillListRepository.swift */ = {isa = PBXFileReference; lastKnownFileType = sourcecode.swift; path = BillListRepository.swift; sourceTree = "<group>"; };
		000FE37B291603C2002D7D4A /* SettleBillRepository.swift */ = {isa = PBXFileReference; lastKnownFileType = sourcecode.swift; path = SettleBillRepository.swift; sourceTree = "<group>"; };
		000FE37D291603D9002D7D4A /* UserItem.swift */ = {isa = PBXFileReference; lastKnownFileType = sourcecode.swift; path = UserItem.swift; sourceTree = "<group>"; };
		000FE37F291603F0002D7D4A /* BillItem.swift */ = {isa = PBXFileReference; lastKnownFileType = sourcecode.swift; path = BillItem.swift; sourceTree = "<group>"; };
		000FE38129160403002D7D4A /* Friend.swift */ = {isa = PBXFileReference; lastKnownFileType = sourcecode.swift; path = Friend.swift; sourceTree = "<group>"; };
		000FE38329160432002D7D4A /* User.swift */ = {isa = PBXFileReference; lastKnownFileType = sourcecode.swift; path = User.swift; sourceTree = "<group>"; };
		000FE38529160450002D7D4A /* SettleBill.swift */ = {isa = PBXFileReference; lastKnownFileType = sourcecode.swift; path = SettleBill.swift; sourceTree = "<group>"; };
		000FE38729160464002D7D4A /* Bill.swift */ = {isa = PBXFileReference; lastKnownFileType = sourcecode.swift; path = Bill.swift; sourceTree = "<group>"; };
		000FE38929160478002D7D4A /* BillList.swift */ = {isa = PBXFileReference; lastKnownFileType = sourcecode.swift; path = BillList.swift; sourceTree = "<group>"; };
		000FE38B291609D7002D7D4A /* ActivityView.swift */ = {isa = PBXFileReference; lastKnownFileType = sourcecode.swift; path = ActivityView.swift; sourceTree = "<group>"; };
		000FE38D29160F3A002D7D4A /* AppView.swift */ = {isa = PBXFileReference; indentWidth = 2; lastKnownFileType = sourcecode.swift; path = AppView.swift; sourceTree = "<group>"; };
		000FE38F29160F7A002D7D4A /* NewBillView.swift */ = {isa = PBXFileReference; lastKnownFileType = sourcecode.swift; path = NewBillView.swift; sourceTree = "<group>"; };
		000FE39129175105002D7D4A /* BillDetailsView.swift */ = {isa = PBXFileReference; lastKnownFileType = sourcecode.swift; path = BillDetailsView.swift; sourceTree = "<group>"; };
		000FE395291752C1002D7D4A /* BillRowView.swift */ = {isa = PBXFileReference; lastKnownFileType = sourcecode.swift; path = BillRowView.swift; sourceTree = "<group>"; };
		000FE39729175337002D7D4A /* BillViewModel.swift */ = {isa = PBXFileReference; lastKnownFileType = sourcecode.swift; path = BillViewModel.swift; sourceTree = "<group>"; };
		000FE3992917578A002D7D4A /* ActivityViewModel.swift */ = {isa = PBXFileReference; lastKnownFileType = sourcecode.swift; path = ActivityViewModel.swift; sourceTree = "<group>"; };
		009277AB293BD12B0099580B /* UserViewModel.swift */ = {isa = PBXFileReference; lastKnownFileType = sourcecode.swift; path = UserViewModel.swift; sourceTree = "<group>"; };
		009277AD293EF3560099580B /* UsersViewModel.swift */ = {isa = PBXFileReference; lastKnownFileType = sourcecode.swift; path = UsersViewModel.swift; sourceTree = "<group>"; };
		AF6717B1291C31DB001A937B /* AddItemView.swift */ = {isa = PBXFileReference; lastKnownFileType = sourcecode.swift; path = AddItemView.swift; sourceTree = "<group>"; };
		AF6717B3291C323C001A937B /* Manually_AddItem.swift */ = {isa = PBXFileReference; lastKnownFileType = sourcecode.swift; path = Manually_AddItem.swift; sourceTree = "<group>"; };
		AF6717B5291C3259001A937B /* ReceiptScanView.swift */ = {isa = PBXFileReference; lastKnownFileType = sourcecode.swift; path = ReceiptScanView.swift; sourceTree = "<group>"; };
		AF6717B7291C3289001A937B /* Scanner.swift */ = {isa = PBXFileReference; lastKnownFileType = sourcecode.swift; path = Scanner.swift; sourceTree = "<group>"; };
		AF6717B9291C32CB001A937B /* ImagePicker_Coordinator_ViewController.swift */ = {isa = PBXFileReference; lastKnownFileType = sourcecode.swift; path = ImagePicker_Coordinator_ViewController.swift; sourceTree = "<group>"; };
		AF6717BB291C32F0001A937B /* ImagePicker.swift */ = {isa = PBXFileReference; lastKnownFileType = sourcecode.swift; path = ImagePicker.swift; sourceTree = "<group>"; };
		AF6717BD291C3337001A937B /* ReceiptScanner_Helper.swift */ = {isa = PBXFileReference; lastKnownFileType = sourcecode.swift; path = ReceiptScanner_Helper.swift; sourceTree = "<group>"; };
		AFDE9E45291CA10D0014ECBB /* Scanned_View.swift */ = {isa = PBXFileReference; lastKnownFileType = sourcecode.swift; path = Scanned_View.swift; sourceTree = "<group>"; };
		AFE6ABE029370D9400300A06 /* AuthViewModel.swift */ = {isa = PBXFileReference; lastKnownFileType = sourcecode.swift; path = AuthViewModel.swift; sourceTree = "<group>"; };
		AFE6ABE229370DB900300A06 /* LoginView.swift */ = {isa = PBXFileReference; lastKnownFileType = sourcecode.swift; path = LoginView.swift; sourceTree = "<group>"; };
		AFE6ABE429370DC300300A06 /* HomeScreenView.swift */ = {isa = PBXFileReference; lastKnownFileType = sourcecode.swift; path = HomeScreenView.swift; sourceTree = "<group>"; };
		AFE6ABE629370DCC00300A06 /* AccountView.swift */ = {isa = PBXFileReference; lastKnownFileType = sourcecode.swift; path = AccountView.swift; sourceTree = "<group>"; };
		E6240C46291D98DA004287FE /* BillItemRowView.swift */ = {isa = PBXFileReference; lastKnownFileType = sourcecode.swift; path = BillItemRowView.swift; sourceTree = "<group>"; };
		E65E5830293E626900B4AD61 /* AddFriend.swift */ = {isa = PBXFileReference; lastKnownFileType = sourcecode.swift; path = AddFriend.swift; sourceTree = "<group>"; };
		E65E5832293E676300B4AD61 /* FriendRowView.swift */ = {isa = PBXFileReference; lastKnownFileType = sourcecode.swift; path = FriendRowView.swift; sourceTree = "<group>"; };
		E65E5834293E7D8800B4AD61 /* AddFriendRowView.swift */ = {isa = PBXFileReference; lastKnownFileType = sourcecode.swift; path = AddFriendRowView.swift; sourceTree = "<group>"; };
		E65E5836293E8AB500B4AD61 /* AddFriendViewModel.swift */ = {isa = PBXFileReference; lastKnownFileType = sourcecode.swift; path = AddFriendViewModel.swift; sourceTree = "<group>"; };
		E66AD680291EBD9B00E355D4 /* EditItem.swift */ = {isa = PBXFileReference; lastKnownFileType = sourcecode.swift; path = EditItem.swift; sourceTree = "<group>"; };
		E6CD5AA5291CEAB80039A3AB /* AddOneItemView.swift */ = {isa = PBXFileReference; lastKnownFileType = sourcecode.swift; path = AddOneItemView.swift; sourceTree = "<group>"; };
		E6DEF41729405AB000D8BCBB /* FinalizeBillView.swift */ = {isa = PBXFileReference; lastKnownFileType = sourcecode.swift; path = FinalizeBillView.swift; sourceTree = "<group>"; };
/* End PBXFileReference section */

/* Begin PBXFrameworksBuildPhase section */
		000FE31C2915F38F002D7D4A /* Frameworks */ = {
			isa = PBXFrameworksBuildPhase;
			buildActionMask = 2147483647;
			files = (
				000FE34A2915FAC5002D7D4A /* FirebaseDatabase in Frameworks */,
				000FE3582915FAC5002D7D4A /* FirebaseFunctionsCombine-Community in Frameworks */,
				000FE3502915FAC5002D7D4A /* FirebaseFirestore in Frameworks */,
				000FE33C2915FAC5002D7D4A /* FirebaseAnalyticsSwift in Frameworks */,
				000FE3382915FAC5002D7D4A /* FirebaseAnalytics in Frameworks */,
				000FE33A2915FAC5002D7D4A /* FirebaseAnalyticsOnDeviceConversion in Frameworks */,
				000FE3602915FAC5002D7D4A /* FirebaseMLModelDownloader in Frameworks */,
				000FE3542915FAC5002D7D4A /* FirebaseFirestoreSwift in Frameworks */,
				000FE3402915FAC5002D7D4A /* FirebaseAppCheck in Frameworks */,
				000FE33E2915FAC5002D7D4A /* FirebaseAnalyticsWithoutAdIdSupport in Frameworks */,
				000FE3442915FAC5002D7D4A /* FirebaseAuth in Frameworks */,
				000FE3482915FAC5002D7D4A /* FirebaseCrashlytics in Frameworks */,
				000FE3682915FAC5002D7D4A /* FirebaseRemoteConfigSwift in Frameworks */,
				000FE35A2915FAC5002D7D4A /* FirebaseInAppMessaging-Beta in Frameworks */,
				000FE34C2915FAC5002D7D4A /* FirebaseDatabaseSwift in Frameworks */,
				000FE3562915FAC5002D7D4A /* FirebaseFunctions in Frameworks */,
				000FE36C2915FAC5002D7D4A /* FirebaseStorageCombine-Community in Frameworks */,
				000FE3662915FAC5002D7D4A /* FirebaseRemoteConfig in Frameworks */,
				000FE3422915FAC5002D7D4A /* FirebaseAppDistribution-Beta in Frameworks */,
				000FE3462915FAC5002D7D4A /* FirebaseAuthCombine-Community in Frameworks */,
				000FE3642915FAC5002D7D4A /* FirebasePerformance in Frameworks */,
				000FE35C2915FAC5002D7D4A /* FirebaseInAppMessagingSwift-Beta in Frameworks */,
				000FE36A2915FAC5002D7D4A /* FirebaseStorage in Frameworks */,
				000FE34E2915FAC5002D7D4A /* FirebaseDynamicLinks in Frameworks */,
				000FE3522915FAC5002D7D4A /* FirebaseFirestoreCombine-Community in Frameworks */,
				000FE3622915FAC5002D7D4A /* FirebaseMessaging in Frameworks */,
				000FE35E2915FAC5002D7D4A /* FirebaseInstallations in Frameworks */,
			);
			runOnlyForDeploymentPostprocessing = 0;
		};
/* End PBXFrameworksBuildPhase section */

/* Begin PBXGroup section */
		000FE3162915F38F002D7D4A = {
			isa = PBXGroup;
			children = (
				AF6717BD291C3337001A937B /* ReceiptScanner_Helper.swift */,
				000FE3212915F38F002D7D4A /* Split */,
				000FE3202915F38F002D7D4A /* Products */,
			);
			sourceTree = "<group>";
		};
		000FE3202915F38F002D7D4A /* Products */ = {
			isa = PBXGroup;
			children = (
				000FE31F2915F38F002D7D4A /* Split.app */,
			);
			name = Products;
			sourceTree = "<group>";
		};
		000FE3212915F38F002D7D4A /* Split */ = {
			isa = PBXGroup;
			children = (
				000FE3222915F38F002D7D4A /* SplitApp.swift */,
				000FE36D291602CA002D7D4A /* DataRepositories */,
				000FE36E291602D2002D7D4A /* Models */,
				000FE39429175186002D7D4A /* View Model */,
				000FE3932917510D002D7D4A /* Views */,
				000FE3262915F38F002D7D4A /* Assets.xcassets */,
				000FE3342915FA35002D7D4A /* GoogleService-Info.plist */,
				000FE3282915F38F002D7D4A /* Preview Content */,
			);
			path = Split;
			sourceTree = "<group>";
		};
		000FE3282915F38F002D7D4A /* Preview Content */ = {
			isa = PBXGroup;
			children = (
				000FE3292915F38F002D7D4A /* Preview Assets.xcassets */,
			);
			path = "Preview Content";
			sourceTree = "<group>";
		};
		000FE36D291602CA002D7D4A /* DataRepositories */ = {
			isa = PBXGroup;
			children = (
				000FE36F29160304002D7D4A /* UserRepository.swift */,
				000FE37129160330002D7D4A /* FriendRepository.swift */,
				000FE3732916034A002D7D4A /* BillRepository.swift */,
				000FE37529160369002D7D4A /* BillItemRepository.swift */,
				000FE37729160385002D7D4A /* UserItemRepository.swift */,
				000FE379291603A5002D7D4A /* BillListRepository.swift */,
				000FE37B291603C2002D7D4A /* SettleBillRepository.swift */,
			);
			path = DataRepositories;
			sourceTree = "<group>";
		};
		000FE36E291602D2002D7D4A /* Models */ = {
			isa = PBXGroup;
			children = (
				000FE37D291603D9002D7D4A /* UserItem.swift */,
				000FE37F291603F0002D7D4A /* BillItem.swift */,
				000FE38129160403002D7D4A /* Friend.swift */,
				000FE38329160432002D7D4A /* User.swift */,
				000FE38529160450002D7D4A /* SettleBill.swift */,
				000FE38729160464002D7D4A /* Bill.swift */,
				000FE38929160478002D7D4A /* BillList.swift */,
				AF6717BB291C32F0001A937B /* ImagePicker.swift */,
			);
			path = Models;
			sourceTree = "<group>";
		};
		000FE3932917510D002D7D4A /* Views */ = {
			isa = PBXGroup;
			children = (
				000FE38D29160F3A002D7D4A /* AppView.swift */,
				E6CD5AA5291CEAB80039A3AB /* AddOneItemView.swift */,
				000FE38B291609D7002D7D4A /* ActivityView.swift */,
				000FE395291752C1002D7D4A /* BillRowView.swift */,
				000FE39129175105002D7D4A /* BillDetailsView.swift */,
				000FE38F29160F7A002D7D4A /* NewBillView.swift */,
				E65E5832293E676300B4AD61 /* FriendRowView.swift */,
				E65E5830293E626900B4AD61 /* AddFriend.swift */,
				E65E5834293E7D8800B4AD61 /* AddFriendRowView.swift */,
				AF6717B1291C31DB001A937B /* AddItemView.swift */,
				AF6717B3291C323C001A937B /* Manually_AddItem.swift */,
				E6DEF41729405AB000D8BCBB /* FinalizeBillView.swift */,
				E6240C46291D98DA004287FE /* BillItemRowView.swift */,
				AF6717B5291C3259001A937B /* ReceiptScanView.swift */,
				AFDE9E45291CA10D0014ECBB /* Scanned_View.swift */,
				E66AD680291EBD9B00E355D4 /* EditItem.swift */,
				AFE6ABE229370DB900300A06 /* LoginView.swift */,
				AFE6ABE429370DC300300A06 /* HomeScreenView.swift */,
				AFE6ABE629370DCC00300A06 /* AccountView.swift */,
				0008B9242940F39E00A5B785 /* FriendsView.swift */,
				0008B9262940FE5100A5B785 /* UserRowView.swift */,
				0008B9282940FF8400A5B785 /* UserDetailsView.swift */,
				0008B92A2941317E00A5B785 /* NewBillCreatedView.swift */,
			);
			path = Views;
			sourceTree = "<group>";
		};
		000FE39429175186002D7D4A /* View Model */ = {
			isa = PBXGroup;
			children = (
				000FE3992917578A002D7D4A /* ActivityViewModel.swift */,
				E65E5836293E8AB500B4AD61 /* AddFriendViewModel.swift */,
				000FE39729175337002D7D4A /* BillViewModel.swift */,
				AF6717B7291C3289001A937B /* Scanner.swift */,
				AF6717B9291C32CB001A937B /* ImagePicker_Coordinator_ViewController.swift */,
				AFE6ABE029370D9400300A06 /* AuthViewModel.swift */,
				009277AB293BD12B0099580B /* UserViewModel.swift */,
				009277AD293EF3560099580B /* UsersViewModel.swift */,
			);
			path = "View Model";
			sourceTree = "<group>";
		};
/* End PBXGroup section */

/* Begin PBXNativeTarget section */
		000FE31E2915F38F002D7D4A /* Split */ = {
			isa = PBXNativeTarget;
			buildConfigurationList = 000FE32D2915F38F002D7D4A /* Build configuration list for PBXNativeTarget "Split" */;
			buildPhases = (
				000FE31B2915F38F002D7D4A /* Sources */,
				000FE31C2915F38F002D7D4A /* Frameworks */,
				000FE31D2915F38F002D7D4A /* Resources */,
			);
			buildRules = (
			);
			dependencies = (
			);
			name = Split;
			packageProductDependencies = (
				000FE3372915FAC5002D7D4A /* FirebaseAnalytics */,
				000FE3392915FAC5002D7D4A /* FirebaseAnalyticsOnDeviceConversion */,
				000FE33B2915FAC5002D7D4A /* FirebaseAnalyticsSwift */,
				000FE33D2915FAC5002D7D4A /* FirebaseAnalyticsWithoutAdIdSupport */,
				000FE33F2915FAC5002D7D4A /* FirebaseAppCheck */,
				000FE3412915FAC5002D7D4A /* FirebaseAppDistribution-Beta */,
				000FE3432915FAC5002D7D4A /* FirebaseAuth */,
				000FE3452915FAC5002D7D4A /* FirebaseAuthCombine-Community */,
				000FE3472915FAC5002D7D4A /* FirebaseCrashlytics */,
				000FE3492915FAC5002D7D4A /* FirebaseDatabase */,
				000FE34B2915FAC5002D7D4A /* FirebaseDatabaseSwift */,
				000FE34D2915FAC5002D7D4A /* FirebaseDynamicLinks */,
				000FE34F2915FAC5002D7D4A /* FirebaseFirestore */,
				000FE3512915FAC5002D7D4A /* FirebaseFirestoreCombine-Community */,
				000FE3532915FAC5002D7D4A /* FirebaseFirestoreSwift */,
				000FE3552915FAC5002D7D4A /* FirebaseFunctions */,
				000FE3572915FAC5002D7D4A /* FirebaseFunctionsCombine-Community */,
				000FE3592915FAC5002D7D4A /* FirebaseInAppMessaging-Beta */,
				000FE35B2915FAC5002D7D4A /* FirebaseInAppMessagingSwift-Beta */,
				000FE35D2915FAC5002D7D4A /* FirebaseInstallations */,
				000FE35F2915FAC5002D7D4A /* FirebaseMLModelDownloader */,
				000FE3612915FAC5002D7D4A /* FirebaseMessaging */,
				000FE3632915FAC5002D7D4A /* FirebasePerformance */,
				000FE3652915FAC5002D7D4A /* FirebaseRemoteConfig */,
				000FE3672915FAC5002D7D4A /* FirebaseRemoteConfigSwift */,
				000FE3692915FAC5002D7D4A /* FirebaseStorage */,
				000FE36B2915FAC5002D7D4A /* FirebaseStorageCombine-Community */,
			);
			productName = Split;
			productReference = 000FE31F2915F38F002D7D4A /* Split.app */;
			productType = "com.apple.product-type.application";
		};
/* End PBXNativeTarget section */

/* Begin PBXProject section */
		000FE3172915F38F002D7D4A /* Project object */ = {
			isa = PBXProject;
			attributes = {
				BuildIndependentTargetsInParallel = 1;
				LastSwiftUpdateCheck = 1410;
				LastUpgradeCheck = 1410;
				TargetAttributes = {
					000FE31E2915F38F002D7D4A = {
						CreatedOnToolsVersion = 14.1;
					};
				};
			};
			buildConfigurationList = 000FE31A2915F38F002D7D4A /* Build configuration list for PBXProject "Split" */;
			compatibilityVersion = "Xcode 14.0";
			developmentRegion = en;
			hasScannedForEncodings = 0;
			knownRegions = (
				en,
				Base,
			);
			mainGroup = 000FE3162915F38F002D7D4A;
			packageReferences = (
				000FE3362915FAC5002D7D4A /* XCRemoteSwiftPackageReference "firebase-ios-sdk" */,
			);
			productRefGroup = 000FE3202915F38F002D7D4A /* Products */;
			projectDirPath = "";
			projectRoot = "";
			targets = (
				000FE31E2915F38F002D7D4A /* Split */,
			);
		};
/* End PBXProject section */

/* Begin PBXResourcesBuildPhase section */
		000FE31D2915F38F002D7D4A /* Resources */ = {
			isa = PBXResourcesBuildPhase;
			buildActionMask = 2147483647;
			files = (
				000FE32A2915F38F002D7D4A /* Preview Assets.xcassets in Resources */,
				000FE3272915F38F002D7D4A /* Assets.xcassets in Resources */,
				000FE3352915FA35002D7D4A /* GoogleService-Info.plist in Resources */,
			);
			runOnlyForDeploymentPostprocessing = 0;
		};
/* End PBXResourcesBuildPhase section */

/* Begin PBXSourcesBuildPhase section */
		000FE31B2915F38F002D7D4A /* Sources */ = {
			isa = PBXSourcesBuildPhase;
			buildActionMask = 2147483647;
			files = (
				E65E5837293E8AB500B4AD61 /* AddFriendViewModel.swift in Sources */,
				000FE38429160432002D7D4A /* User.swift in Sources */,
				AFDE9E46291CA10D0014ECBB /* Scanned_View.swift in Sources */,
				000FE38829160464002D7D4A /* Bill.swift in Sources */,
				E65E5831293E626900B4AD61 /* AddFriend.swift in Sources */,
				AFE6ABE529370DC300300A06 /* HomeScreenView.swift in Sources */,
				000FE38E29160F3A002D7D4A /* AppView.swift in Sources */,
				000FE37829160385002D7D4A /* UserItemRepository.swift in Sources */,
				E65E5835293E7D8800B4AD61 /* AddFriendRowView.swift in Sources */,
				000FE380291603F0002D7D4A /* BillItem.swift in Sources */,
				000FE39829175337002D7D4A /* BillViewModel.swift in Sources */,
				E65E5833293E676300B4AD61 /* FriendRowView.swift in Sources */,
				AF6717B8291C3289001A937B /* Scanner.swift in Sources */,
				AFE6ABE329370DB900300A06 /* LoginView.swift in Sources */,
				000FE38229160403002D7D4A /* Friend.swift in Sources */,
				E66AD681291EBD9B00E355D4 /* EditItem.swift in Sources */,
				000FE39A2917578A002D7D4A /* ActivityViewModel.swift in Sources */,
				009277AC293BD12B0099580B /* UserViewModel.swift in Sources */,
				000FE37A291603A5002D7D4A /* BillListRepository.swift in Sources */,
				000FE39229175105002D7D4A /* BillDetailsView.swift in Sources */,
				009277AE293EF3560099580B /* UsersViewModel.swift in Sources */,
				000FE37229160330002D7D4A /* FriendRepository.swift in Sources */,
				0008B9272940FE5100A5B785 /* UserRowView.swift in Sources */,
				AFE6ABE729370DCC00300A06 /* AccountView.swift in Sources */,
				0008B9292940FF8400A5B785 /* UserDetailsView.swift in Sources */,
				AF6717B4291C323C001A937B /* Manually_AddItem.swift in Sources */,
				AF6717BA291C32CB001A937B /* ImagePicker_Coordinator_ViewController.swift in Sources */,
				000FE38A29160478002D7D4A /* BillList.swift in Sources */,
				000FE396291752C1002D7D4A /* BillRowView.swift in Sources */,
				000FE38C291609D7002D7D4A /* ActivityView.swift in Sources */,
				AF6717BC291C32F0001A937B /* ImagePicker.swift in Sources */,
				000FE39029160F7A002D7D4A /* NewBillView.swift in Sources */,
				0008B9252940F39E00A5B785 /* FriendsView.swift in Sources */,
				000FE3232915F38F002D7D4A /* SplitApp.swift in Sources */,
				000FE37E291603D9002D7D4A /* UserItem.swift in Sources */,
				0008B92B2941317E00A5B785 /* NewBillCreatedView.swift in Sources */,
				E6240C47291D98DA004287FE /* BillItemRowView.swift in Sources */,
				AFE6ABE129370D9400300A06 /* AuthViewModel.swift in Sources */,
				000FE38629160450002D7D4A /* SettleBill.swift in Sources */,
				AF6717B6291C3259001A937B /* ReceiptScanView.swift in Sources */,
				AF6717BE291C3337001A937B /* ReceiptScanner_Helper.swift in Sources */,
				000FE37629160369002D7D4A /* BillItemRepository.swift in Sources */,
				000FE37C291603C2002D7D4A /* SettleBillRepository.swift in Sources */,
				AF6717B2291C31DB001A937B /* AddItemView.swift in Sources */,
				000FE3742916034A002D7D4A /* BillRepository.swift in Sources */,
				E6DEF41829405AB000D8BCBB /* FinalizeBillView.swift in Sources */,
				E6CD5AA6291CEAB80039A3AB /* AddOneItemView.swift in Sources */,
				000FE37029160304002D7D4A /* UserRepository.swift in Sources */,
			);
			runOnlyForDeploymentPostprocessing = 0;
		};
/* End PBXSourcesBuildPhase section */

/* Begin XCBuildConfiguration section */
		000FE32B2915F38F002D7D4A /* Debug */ = {
			isa = XCBuildConfiguration;
			buildSettings = {
				ALWAYS_SEARCH_USER_PATHS = NO;
				CLANG_ANALYZER_NONNULL = YES;
				CLANG_ANALYZER_NUMBER_OBJECT_CONVERSION = YES_AGGRESSIVE;
				CLANG_CXX_LANGUAGE_STANDARD = "gnu++20";
				CLANG_ENABLE_MODULES = YES;
				CLANG_ENABLE_OBJC_ARC = YES;
				CLANG_ENABLE_OBJC_WEAK = YES;
				CLANG_WARN_BLOCK_CAPTURE_AUTORELEASING = YES;
				CLANG_WARN_BOOL_CONVERSION = YES;
				CLANG_WARN_COMMA = YES;
				CLANG_WARN_CONSTANT_CONVERSION = YES;
				CLANG_WARN_DEPRECATED_OBJC_IMPLEMENTATIONS = YES;
				CLANG_WARN_DIRECT_OBJC_ISA_USAGE = YES_ERROR;
				CLANG_WARN_DOCUMENTATION_COMMENTS = YES;
				CLANG_WARN_EMPTY_BODY = YES;
				CLANG_WARN_ENUM_CONVERSION = YES;
				CLANG_WARN_INFINITE_RECURSION = YES;
				CLANG_WARN_INT_CONVERSION = YES;
				CLANG_WARN_NON_LITERAL_NULL_CONVERSION = YES;
				CLANG_WARN_OBJC_IMPLICIT_RETAIN_SELF = YES;
				CLANG_WARN_OBJC_LITERAL_CONVERSION = YES;
				CLANG_WARN_OBJC_ROOT_CLASS = YES_ERROR;
				CLANG_WARN_QUOTED_INCLUDE_IN_FRAMEWORK_HEADER = YES;
				CLANG_WARN_RANGE_LOOP_ANALYSIS = YES;
				CLANG_WARN_STRICT_PROTOTYPES = YES;
				CLANG_WARN_SUSPICIOUS_MOVE = YES;
				CLANG_WARN_UNGUARDED_AVAILABILITY = YES_AGGRESSIVE;
				CLANG_WARN_UNREACHABLE_CODE = YES;
				CLANG_WARN__DUPLICATE_METHOD_MATCH = YES;
				COPY_PHASE_STRIP = NO;
				DEBUG_INFORMATION_FORMAT = dwarf;
				ENABLE_STRICT_OBJC_MSGSEND = YES;
				ENABLE_TESTABILITY = YES;
				GCC_C_LANGUAGE_STANDARD = gnu11;
				GCC_DYNAMIC_NO_PIC = NO;
				GCC_NO_COMMON_BLOCKS = YES;
				GCC_OPTIMIZATION_LEVEL = 0;
				GCC_PREPROCESSOR_DEFINITIONS = (
					"DEBUG=1",
					"$(inherited)",
				);
				GCC_WARN_64_TO_32_BIT_CONVERSION = YES;
				GCC_WARN_ABOUT_RETURN_TYPE = YES_ERROR;
				GCC_WARN_UNDECLARED_SELECTOR = YES;
				GCC_WARN_UNINITIALIZED_AUTOS = YES_AGGRESSIVE;
				GCC_WARN_UNUSED_FUNCTION = YES;
				GCC_WARN_UNUSED_VARIABLE = YES;
				IPHONEOS_DEPLOYMENT_TARGET = 16.1;
				MTL_ENABLE_DEBUG_INFO = INCLUDE_SOURCE;
				MTL_FAST_MATH = YES;
				ONLY_ACTIVE_ARCH = YES;
				SDKROOT = iphoneos;
				SWIFT_ACTIVE_COMPILATION_CONDITIONS = DEBUG;
				SWIFT_OPTIMIZATION_LEVEL = "-Onone";
			};
			name = Debug;
		};
		000FE32C2915F38F002D7D4A /* Release */ = {
			isa = XCBuildConfiguration;
			buildSettings = {
				ALWAYS_SEARCH_USER_PATHS = NO;
				CLANG_ANALYZER_NONNULL = YES;
				CLANG_ANALYZER_NUMBER_OBJECT_CONVERSION = YES_AGGRESSIVE;
				CLANG_CXX_LANGUAGE_STANDARD = "gnu++20";
				CLANG_ENABLE_MODULES = YES;
				CLANG_ENABLE_OBJC_ARC = YES;
				CLANG_ENABLE_OBJC_WEAK = YES;
				CLANG_WARN_BLOCK_CAPTURE_AUTORELEASING = YES;
				CLANG_WARN_BOOL_CONVERSION = YES;
				CLANG_WARN_COMMA = YES;
				CLANG_WARN_CONSTANT_CONVERSION = YES;
				CLANG_WARN_DEPRECATED_OBJC_IMPLEMENTATIONS = YES;
				CLANG_WARN_DIRECT_OBJC_ISA_USAGE = YES_ERROR;
				CLANG_WARN_DOCUMENTATION_COMMENTS = YES;
				CLANG_WARN_EMPTY_BODY = YES;
				CLANG_WARN_ENUM_CONVERSION = YES;
				CLANG_WARN_INFINITE_RECURSION = YES;
				CLANG_WARN_INT_CONVERSION = YES;
				CLANG_WARN_NON_LITERAL_NULL_CONVERSION = YES;
				CLANG_WARN_OBJC_IMPLICIT_RETAIN_SELF = YES;
				CLANG_WARN_OBJC_LITERAL_CONVERSION = YES;
				CLANG_WARN_OBJC_ROOT_CLASS = YES_ERROR;
				CLANG_WARN_QUOTED_INCLUDE_IN_FRAMEWORK_HEADER = YES;
				CLANG_WARN_RANGE_LOOP_ANALYSIS = YES;
				CLANG_WARN_STRICT_PROTOTYPES = YES;
				CLANG_WARN_SUSPICIOUS_MOVE = YES;
				CLANG_WARN_UNGUARDED_AVAILABILITY = YES_AGGRESSIVE;
				CLANG_WARN_UNREACHABLE_CODE = YES;
				CLANG_WARN__DUPLICATE_METHOD_MATCH = YES;
				COPY_PHASE_STRIP = NO;
				DEBUG_INFORMATION_FORMAT = "dwarf-with-dsym";
				ENABLE_NS_ASSERTIONS = NO;
				ENABLE_STRICT_OBJC_MSGSEND = YES;
				GCC_C_LANGUAGE_STANDARD = gnu11;
				GCC_NO_COMMON_BLOCKS = YES;
				GCC_WARN_64_TO_32_BIT_CONVERSION = YES;
				GCC_WARN_ABOUT_RETURN_TYPE = YES_ERROR;
				GCC_WARN_UNDECLARED_SELECTOR = YES;
				GCC_WARN_UNINITIALIZED_AUTOS = YES_AGGRESSIVE;
				GCC_WARN_UNUSED_FUNCTION = YES;
				GCC_WARN_UNUSED_VARIABLE = YES;
				IPHONEOS_DEPLOYMENT_TARGET = 16.1;
				MTL_ENABLE_DEBUG_INFO = NO;
				MTL_FAST_MATH = YES;
				SDKROOT = iphoneos;
				SWIFT_COMPILATION_MODE = wholemodule;
				SWIFT_OPTIMIZATION_LEVEL = "-O";
				VALIDATE_PRODUCT = YES;
			};
			name = Release;
		};
		000FE32E2915F38F002D7D4A /* Debug */ = {
			isa = XCBuildConfiguration;
			buildSettings = {
				ASSETCATALOG_COMPILER_APPICON_NAME = AppIcon;
				ASSETCATALOG_COMPILER_GLOBAL_ACCENT_COLOR_NAME = AccentColor;
				CODE_SIGN_STYLE = Automatic;
				CURRENT_PROJECT_VERSION = 1;
				DEVELOPMENT_ASSET_PATHS = "\"Split/Preview Content\"";
				DEVELOPMENT_TEAM = 9M82663W25;
				ENABLE_PREVIEWS = YES;
				GENERATE_INFOPLIST_FILE = YES;
				INFOPLIST_KEY_UIApplicationSceneManifest_Generation = YES;
				INFOPLIST_KEY_UIApplicationSupportsIndirectInputEvents = YES;
				INFOPLIST_KEY_UILaunchScreen_Generation = YES;
				INFOPLIST_KEY_UISupportedInterfaceOrientations_iPad = "UIInterfaceOrientationPortrait UIInterfaceOrientationPortraitUpsideDown UIInterfaceOrientationLandscapeLeft UIInterfaceOrientationLandscapeRight";
				INFOPLIST_KEY_UISupportedInterfaceOrientations_iPhone = "UIInterfaceOrientationPortrait UIInterfaceOrientationLandscapeLeft UIInterfaceOrientationLandscapeRight";
				LD_RUNPATH_SEARCH_PATHS = (
					"$(inherited)",
					"@executable_path/Frameworks",
				);
				MARKETING_VERSION = 1.0;
				PRODUCT_BUNDLE_IDENTIFIER = CMUIS67443.Split;
				PRODUCT_NAME = "$(TARGET_NAME)";
				SWIFT_EMIT_LOC_STRINGS = YES;
				SWIFT_VERSION = 5.0;
				TARGETED_DEVICE_FAMILY = "1,2";
			};
			name = Debug;
		};
		000FE32F2915F38F002D7D4A /* Release */ = {
			isa = XCBuildConfiguration;
			buildSettings = {
				ASSETCATALOG_COMPILER_APPICON_NAME = AppIcon;
				ASSETCATALOG_COMPILER_GLOBAL_ACCENT_COLOR_NAME = AccentColor;
				CODE_SIGN_STYLE = Automatic;
				CURRENT_PROJECT_VERSION = 1;
				DEVELOPMENT_ASSET_PATHS = "\"Split/Preview Content\"";
				DEVELOPMENT_TEAM = 9M82663W25;
				ENABLE_PREVIEWS = YES;
				GENERATE_INFOPLIST_FILE = YES;
				INFOPLIST_KEY_UIApplicationSceneManifest_Generation = YES;
				INFOPLIST_KEY_UIApplicationSupportsIndirectInputEvents = YES;
				INFOPLIST_KEY_UILaunchScreen_Generation = YES;
				INFOPLIST_KEY_UISupportedInterfaceOrientations_iPad = "UIInterfaceOrientationPortrait UIInterfaceOrientationPortraitUpsideDown UIInterfaceOrientationLandscapeLeft UIInterfaceOrientationLandscapeRight";
				INFOPLIST_KEY_UISupportedInterfaceOrientations_iPhone = "UIInterfaceOrientationPortrait UIInterfaceOrientationLandscapeLeft UIInterfaceOrientationLandscapeRight";
				LD_RUNPATH_SEARCH_PATHS = (
					"$(inherited)",
					"@executable_path/Frameworks",
				);
				MARKETING_VERSION = 1.0;
				PRODUCT_BUNDLE_IDENTIFIER = CMUIS67443.Split;
				PRODUCT_NAME = "$(TARGET_NAME)";
				SWIFT_EMIT_LOC_STRINGS = YES;
				SWIFT_VERSION = 5.0;
				TARGETED_DEVICE_FAMILY = "1,2";
			};
			name = Release;
		};
/* End XCBuildConfiguration section */

/* Begin XCConfigurationList section */
		000FE31A2915F38F002D7D4A /* Build configuration list for PBXProject "Split" */ = {
			isa = XCConfigurationList;
			buildConfigurations = (
				000FE32B2915F38F002D7D4A /* Debug */,
				000FE32C2915F38F002D7D4A /* Release */,
			);
			defaultConfigurationIsVisible = 0;
			defaultConfigurationName = Release;
		};
		000FE32D2915F38F002D7D4A /* Build configuration list for PBXNativeTarget "Split" */ = {
			isa = XCConfigurationList;
			buildConfigurations = (
				000FE32E2915F38F002D7D4A /* Debug */,
				000FE32F2915F38F002D7D4A /* Release */,
			);
			defaultConfigurationIsVisible = 0;
			defaultConfigurationName = Release;
		};
/* End XCConfigurationList section */

/* Begin XCRemoteSwiftPackageReference section */
		000FE3362915FAC5002D7D4A /* XCRemoteSwiftPackageReference "firebase-ios-sdk" */ = {
			isa = XCRemoteSwiftPackageReference;
			repositoryURL = "https://github.com/firebase/firebase-ios-sdk";
			requirement = {
				branch = master;
				kind = branch;
			};
		};
/* End XCRemoteSwiftPackageReference section */

/* Begin XCSwiftPackageProductDependency section */
		000FE3372915FAC5002D7D4A /* FirebaseAnalytics */ = {
			isa = XCSwiftPackageProductDependency;
			package = 000FE3362915FAC5002D7D4A /* XCRemoteSwiftPackageReference "firebase-ios-sdk" */;
			productName = FirebaseAnalytics;
		};
		000FE3392915FAC5002D7D4A /* FirebaseAnalyticsOnDeviceConversion */ = {
			isa = XCSwiftPackageProductDependency;
			package = 000FE3362915FAC5002D7D4A /* XCRemoteSwiftPackageReference "firebase-ios-sdk" */;
			productName = FirebaseAnalyticsOnDeviceConversion;
		};
		000FE33B2915FAC5002D7D4A /* FirebaseAnalyticsSwift */ = {
			isa = XCSwiftPackageProductDependency;
			package = 000FE3362915FAC5002D7D4A /* XCRemoteSwiftPackageReference "firebase-ios-sdk" */;
			productName = FirebaseAnalyticsSwift;
		};
		000FE33D2915FAC5002D7D4A /* FirebaseAnalyticsWithoutAdIdSupport */ = {
			isa = XCSwiftPackageProductDependency;
			package = 000FE3362915FAC5002D7D4A /* XCRemoteSwiftPackageReference "firebase-ios-sdk" */;
			productName = FirebaseAnalyticsWithoutAdIdSupport;
		};
		000FE33F2915FAC5002D7D4A /* FirebaseAppCheck */ = {
			isa = XCSwiftPackageProductDependency;
			package = 000FE3362915FAC5002D7D4A /* XCRemoteSwiftPackageReference "firebase-ios-sdk" */;
			productName = FirebaseAppCheck;
		};
		000FE3412915FAC5002D7D4A /* FirebaseAppDistribution-Beta */ = {
			isa = XCSwiftPackageProductDependency;
			package = 000FE3362915FAC5002D7D4A /* XCRemoteSwiftPackageReference "firebase-ios-sdk" */;
			productName = "FirebaseAppDistribution-Beta";
		};
		000FE3432915FAC5002D7D4A /* FirebaseAuth */ = {
			isa = XCSwiftPackageProductDependency;
			package = 000FE3362915FAC5002D7D4A /* XCRemoteSwiftPackageReference "firebase-ios-sdk" */;
			productName = FirebaseAuth;
		};
		000FE3452915FAC5002D7D4A /* FirebaseAuthCombine-Community */ = {
			isa = XCSwiftPackageProductDependency;
			package = 000FE3362915FAC5002D7D4A /* XCRemoteSwiftPackageReference "firebase-ios-sdk" */;
			productName = "FirebaseAuthCombine-Community";
		};
		000FE3472915FAC5002D7D4A /* FirebaseCrashlytics */ = {
			isa = XCSwiftPackageProductDependency;
			package = 000FE3362915FAC5002D7D4A /* XCRemoteSwiftPackageReference "firebase-ios-sdk" */;
			productName = FirebaseCrashlytics;
		};
		000FE3492915FAC5002D7D4A /* FirebaseDatabase */ = {
			isa = XCSwiftPackageProductDependency;
			package = 000FE3362915FAC5002D7D4A /* XCRemoteSwiftPackageReference "firebase-ios-sdk" */;
			productName = FirebaseDatabase;
		};
		000FE34B2915FAC5002D7D4A /* FirebaseDatabaseSwift */ = {
			isa = XCSwiftPackageProductDependency;
			package = 000FE3362915FAC5002D7D4A /* XCRemoteSwiftPackageReference "firebase-ios-sdk" */;
			productName = FirebaseDatabaseSwift;
		};
		000FE34D2915FAC5002D7D4A /* FirebaseDynamicLinks */ = {
			isa = XCSwiftPackageProductDependency;
			package = 000FE3362915FAC5002D7D4A /* XCRemoteSwiftPackageReference "firebase-ios-sdk" */;
			productName = FirebaseDynamicLinks;
		};
		000FE34F2915FAC5002D7D4A /* FirebaseFirestore */ = {
			isa = XCSwiftPackageProductDependency;
			package = 000FE3362915FAC5002D7D4A /* XCRemoteSwiftPackageReference "firebase-ios-sdk" */;
			productName = FirebaseFirestore;
		};
		000FE3512915FAC5002D7D4A /* FirebaseFirestoreCombine-Community */ = {
			isa = XCSwiftPackageProductDependency;
			package = 000FE3362915FAC5002D7D4A /* XCRemoteSwiftPackageReference "firebase-ios-sdk" */;
			productName = "FirebaseFirestoreCombine-Community";
		};
		000FE3532915FAC5002D7D4A /* FirebaseFirestoreSwift */ = {
			isa = XCSwiftPackageProductDependency;
			package = 000FE3362915FAC5002D7D4A /* XCRemoteSwiftPackageReference "firebase-ios-sdk" */;
			productName = FirebaseFirestoreSwift;
		};
		000FE3552915FAC5002D7D4A /* FirebaseFunctions */ = {
			isa = XCSwiftPackageProductDependency;
			package = 000FE3362915FAC5002D7D4A /* XCRemoteSwiftPackageReference "firebase-ios-sdk" */;
			productName = FirebaseFunctions;
		};
		000FE3572915FAC5002D7D4A /* FirebaseFunctionsCombine-Community */ = {
			isa = XCSwiftPackageProductDependency;
			package = 000FE3362915FAC5002D7D4A /* XCRemoteSwiftPackageReference "firebase-ios-sdk" */;
			productName = "FirebaseFunctionsCombine-Community";
		};
		000FE3592915FAC5002D7D4A /* FirebaseInAppMessaging-Beta */ = {
			isa = XCSwiftPackageProductDependency;
			package = 000FE3362915FAC5002D7D4A /* XCRemoteSwiftPackageReference "firebase-ios-sdk" */;
			productName = "FirebaseInAppMessaging-Beta";
		};
		000FE35B2915FAC5002D7D4A /* FirebaseInAppMessagingSwift-Beta */ = {
			isa = XCSwiftPackageProductDependency;
			package = 000FE3362915FAC5002D7D4A /* XCRemoteSwiftPackageReference "firebase-ios-sdk" */;
			productName = "FirebaseInAppMessagingSwift-Beta";
		};
		000FE35D2915FAC5002D7D4A /* FirebaseInstallations */ = {
			isa = XCSwiftPackageProductDependency;
			package = 000FE3362915FAC5002D7D4A /* XCRemoteSwiftPackageReference "firebase-ios-sdk" */;
			productName = FirebaseInstallations;
		};
		000FE35F2915FAC5002D7D4A /* FirebaseMLModelDownloader */ = {
			isa = XCSwiftPackageProductDependency;
			package = 000FE3362915FAC5002D7D4A /* XCRemoteSwiftPackageReference "firebase-ios-sdk" */;
			productName = FirebaseMLModelDownloader;
		};
		000FE3612915FAC5002D7D4A /* FirebaseMessaging */ = {
			isa = XCSwiftPackageProductDependency;
			package = 000FE3362915FAC5002D7D4A /* XCRemoteSwiftPackageReference "firebase-ios-sdk" */;
			productName = FirebaseMessaging;
		};
		000FE3632915FAC5002D7D4A /* FirebasePerformance */ = {
			isa = XCSwiftPackageProductDependency;
			package = 000FE3362915FAC5002D7D4A /* XCRemoteSwiftPackageReference "firebase-ios-sdk" */;
			productName = FirebasePerformance;
		};
		000FE3652915FAC5002D7D4A /* FirebaseRemoteConfig */ = {
			isa = XCSwiftPackageProductDependency;
			package = 000FE3362915FAC5002D7D4A /* XCRemoteSwiftPackageReference "firebase-ios-sdk" */;
			productName = FirebaseRemoteConfig;
		};
		000FE3672915FAC5002D7D4A /* FirebaseRemoteConfigSwift */ = {
			isa = XCSwiftPackageProductDependency;
			package = 000FE3362915FAC5002D7D4A /* XCRemoteSwiftPackageReference "firebase-ios-sdk" */;
			productName = FirebaseRemoteConfigSwift;
		};
		000FE3692915FAC5002D7D4A /* FirebaseStorage */ = {
			isa = XCSwiftPackageProductDependency;
			package = 000FE3362915FAC5002D7D4A /* XCRemoteSwiftPackageReference "firebase-ios-sdk" */;
			productName = FirebaseStorage;
		};
		000FE36B2915FAC5002D7D4A /* FirebaseStorageCombine-Community */ = {
			isa = XCSwiftPackageProductDependency;
			package = 000FE3362915FAC5002D7D4A /* XCRemoteSwiftPackageReference "firebase-ios-sdk" */;
			productName = "FirebaseStorageCombine-Community";
		};
/* End XCSwiftPackageProductDependency section */
	};
	rootObject = 000FE3172915F38F002D7D4A /* Project object */;
}
